
Microsoft Visual Studio Solution File, Format Version 12.00
# Visual Studio Version 17
VisualStudioVersion = 17.2.32616.157
MinimumVisualStudioVersion = 10.0.40219.1
Project("{FAE04EC0-301F-11D3-BF4B-00C04F79EFBC}") = "BatteryIcon", "BatteryIcon\BatteryIcon.csproj", "{CDB25257-A951-4FCC-A5A1-E7E543994FC1}"
EndProject
Global
	GlobalSection(SolutionConfigurationPlatforms) = preSolution
		Debug|Any CPU = Debug|Any CPU
		Release|Any CPU = Release|Any CPU
	EndGlobalSection
	GlobalSection(ProjectConfigurationPlatforms) = postSolution
		{CDB25257-A951-4FCC-A5A1-E7E543994FC1}.Debug|Any CPU.ActiveCfg = Debug|Any CPU
		{CDB25257-A951-4FCC-A5A1-E7E543994FC1}.Debug|Any CPU.Build.0 = Debug|Any CPU
		{CDB25257-A951-4FCC-A5A1-E7E543994FC1}.Release|Any CPU.ActiveCfg = Release|Any CPU
		{CDB25257-A951-4FCC-A5A1-E7E543994FC1}.Release|Any CPU.Build.0 = Release|Any CPU
	EndGlobalSection
	GlobalSection(SolutionProperties) = preSolution
		HideSolutionNode = FALSE
	EndGlobalSection
	GlobalSection(ExtensibilityGlobals) = postSolution
		SolutionGuid = {2DD4C228-455A-4630-9397-B4B972AEF970}
	EndGlobalSection
EndGlobal
